
Microsoft Visual Studio Solution File, Format Version 12.00
# Visual Studio Version 16
VisualStudioVersion = 16.0.29911.84
MinimumVisualStudioVersion = 10.0.40219.1
Project("{FAE04EC0-301F-11D3-BF4B-00C04F79EFBC}") = "CompanyProjectLaby", "CompanyProjectLaby\CompanyProjectLaby.csproj", "{00E0A3F4-1BEA-490B-B788-E3FDBD296EDE}"
EndProject
Global
	GlobalSection(SolutionConfigurationPlatforms) = preSolution
		Debug|Any CPU = Debug|Any CPU
		Release|Any CPU = Release|Any CPU
	EndGlobalSection
	GlobalSection(ProjectConfigurationPlatforms) = postSolution
		{00E0A3F4-1BEA-490B-B788-E3FDBD296EDE}.Debug|Any CPU.ActiveCfg = Debug|Any CPU
		{00E0A3F4-1BEA-490B-B788-E3FDBD296EDE}.Debug|Any CPU.Build.0 = Debug|Any CPU
		{00E0A3F4-1BEA-490B-B788-E3FDBD296EDE}.Release|Any CPU.ActiveCfg = Release|Any CPU
		{00E0A3F4-1BEA-490B-B788-E3FDBD296EDE}.Release|Any CPU.Build.0 = Release|Any CPU
	EndGlobalSection
	GlobalSection(SolutionProperties) = preSolution
		HideSolutionNode = FALSE
	EndGlobalSection
	GlobalSection(ExtensibilityGlobals) = postSolution
		SolutionGuid = {F97450B7-8609-44EB-BD2B-BCCB282C4D8C}
	EndGlobalSection
EndGlobal
